
Microsoft Visual Studio Solution File, Format Version 12.00
# Visual Studio Version 17
VisualStudioVersion = 17.8.34511.84
MinimumVisualStudioVersion = 10.0.40219.1
Project("{FAE04EC0-301F-11D3-BF4B-00C04F79EFBC}") = "30.WebApi", "30.WebApi.csproj", "{D4631AEA-2724-4AD1-9858-EC0F0A77363A}"
EndProject
Global
	GlobalSection(SolutionConfigurationPlatforms) = preSolution
		Debug|Any CPU = Debug|Any CPU
		Release|Any CPU = Release|Any CPU
	EndGlobalSection
	GlobalSection(ProjectConfigurationPlatforms) = postSolution
		{D4631AEA-2724-4AD1-9858-EC0F0A77363A}.Debug|Any CPU.ActiveCfg = Debug|Any CPU
		{D4631AEA-2724-4AD1-9858-EC0F0A77363A}.Debug|Any CPU.Build.0 = Debug|Any CPU
		{D4631AEA-2724-4AD1-9858-EC0F0A77363A}.Release|Any CPU.ActiveCfg = Release|Any CPU
		{D4631AEA-2724-4AD1-9858-EC0F0A77363A}.Release|Any CPU.Build.0 = Release|Any CPU
	EndGlobalSection
	GlobalSection(SolutionProperties) = preSolution
		HideSolutionNode = FALSE
	EndGlobalSection
	GlobalSection(ExtensibilityGlobals) = postSolution
		SolutionGuid = {04D71843-191F-4CC1-8B95-60F2C0018922}
	EndGlobalSection
EndGlobal
