
Microsoft Visual Studio Solution File, Format Version 12.00
# Visual Studio Version 17
VisualStudioVersion = 17.8.34511.84
MinimumVisualStudioVersion = 10.0.40219.1
Project("{FAE04EC0-301F-11D3-BF4B-00C04F79EFBC}") = "3.MapMethodRouting", "3.MapMethodRouting.csproj", "{C4826F22-1F28-469D-AA7E-57A8C2FDD038}"
EndProject
Global
	GlobalSection(SolutionConfigurationPlatforms) = preSolution
		Debug|Any CPU = Debug|Any CPU
		Release|Any CPU = Release|Any CPU
	EndGlobalSection
	GlobalSection(ProjectConfigurationPlatforms) = postSolution
		{C4826F22-1F28-469D-AA7E-57A8C2FDD038}.Debug|Any CPU.ActiveCfg = Debug|Any CPU
		{C4826F22-1F28-469D-AA7E-57A8C2FDD038}.Debug|Any CPU.Build.0 = Debug|Any CPU
		{C4826F22-1F28-469D-AA7E-57A8C2FDD038}.Release|Any CPU.ActiveCfg = Release|Any CPU
		{C4826F22-1F28-469D-AA7E-57A8C2FDD038}.Release|Any CPU.Build.0 = Release|Any CPU
	EndGlobalSection
	GlobalSection(SolutionProperties) = preSolution
		HideSolutionNode = FALSE
	EndGlobalSection
	GlobalSection(ExtensibilityGlobals) = postSolution
		SolutionGuid = {B635D4E4-4C9F-4C3C-A1BA-BD58788AE0D7}
	EndGlobalSection
EndGlobal
