
Microsoft Visual Studio Solution File, Format Version 12.00
# Visual Studio Version 17
VisualStudioVersion = 17.8.34511.84
MinimumVisualStudioVersion = 10.0.40219.1
Project("{FAE04EC0-301F-11D3-BF4B-00C04F79EFBC}") = "14.InstallingBootstrap", "14.InstallingBootstrap.csproj", "{5A11620A-9432-43F8-8CB7-9C2B114760B1}"
EndProject
Global
	GlobalSection(SolutionConfigurationPlatforms) = preSolution
		Debug|Any CPU = Debug|Any CPU
		Release|Any CPU = Release|Any CPU
	EndGlobalSection
	GlobalSection(ProjectConfigurationPlatforms) = postSolution
		{5A11620A-9432-43F8-8CB7-9C2B114760B1}.Debug|Any CPU.ActiveCfg = Debug|Any CPU
		{5A11620A-9432-43F8-8CB7-9C2B114760B1}.Debug|Any CPU.Build.0 = Debug|Any CPU
		{5A11620A-9432-43F8-8CB7-9C2B114760B1}.Release|Any CPU.ActiveCfg = Release|Any CPU
		{5A11620A-9432-43F8-8CB7-9C2B114760B1}.Release|Any CPU.Build.0 = Release|Any CPU
	EndGlobalSection
	GlobalSection(SolutionProperties) = preSolution
		HideSolutionNode = FALSE
	EndGlobalSection
	GlobalSection(ExtensibilityGlobals) = postSolution
		SolutionGuid = {C7B0840A-BD99-4F26-99AF-C4434BAAACE3}
	EndGlobalSection
EndGlobal
