
Microsoft Visual Studio Solution File, Format Version 12.00
# Visual Studio Version 17
VisualStudioVersion = 17.8.34511.84
MinimumVisualStudioVersion = 10.0.40219.1
Project("{FAE04EC0-301F-11D3-BF4B-00C04F79EFBC}") = "17.ImageTagHelper", "17.ImageTagHelper.csproj", "{92795528-D043-4F24-AB43-AAAF625B829E}"
EndProject
Global
	GlobalSection(SolutionConfigurationPlatforms) = preSolution
		Debug|Any CPU = Debug|Any CPU
		Release|Any CPU = Release|Any CPU
	EndGlobalSection
	GlobalSection(ProjectConfigurationPlatforms) = postSolution
		{92795528-D043-4F24-AB43-AAAF625B829E}.Debug|Any CPU.ActiveCfg = Debug|Any CPU
		{92795528-D043-4F24-AB43-AAAF625B829E}.Debug|Any CPU.Build.0 = Debug|Any CPU
		{92795528-D043-4F24-AB43-AAAF625B829E}.Release|Any CPU.ActiveCfg = Release|Any CPU
		{92795528-D043-4F24-AB43-AAAF625B829E}.Release|Any CPU.Build.0 = Release|Any CPU
	EndGlobalSection
	GlobalSection(SolutionProperties) = preSolution
		HideSolutionNode = FALSE
	EndGlobalSection
	GlobalSection(ExtensibilityGlobals) = postSolution
		SolutionGuid = {8772405C-4790-4BA9-9F96-A8D55A1C06A3}
	EndGlobalSection
EndGlobal
