
Microsoft Visual Studio Solution File, Format Version 12.00
# Visual Studio Version 17
VisualStudioVersion = 17.8.34511.84
MinimumVisualStudioVersion = 10.0.40219.1
Project("{FAE04EC0-301F-11D3-BF4B-00C04F79EFBC}") = "ASPIdentityApp", "ASPIdentityApp.csproj", "{4604CDBF-5D2E-4F3F-AD57-45EE1D21D8EA}"
EndProject
Global
	GlobalSection(SolutionConfigurationPlatforms) = preSolution
		Debug|Any CPU = Debug|Any CPU
		Release|Any CPU = Release|Any CPU
	EndGlobalSection
	GlobalSection(ProjectConfigurationPlatforms) = postSolution
		{4604CDBF-5D2E-4F3F-AD57-45EE1D21D8EA}.Debug|Any CPU.ActiveCfg = Debug|Any CPU
		{4604CDBF-5D2E-4F3F-AD57-45EE1D21D8EA}.Debug|Any CPU.Build.0 = Debug|Any CPU
		{4604CDBF-5D2E-4F3F-AD57-45EE1D21D8EA}.Release|Any CPU.ActiveCfg = Release|Any CPU
		{4604CDBF-5D2E-4F3F-AD57-45EE1D21D8EA}.Release|Any CPU.Build.0 = Release|Any CPU
	EndGlobalSection
	GlobalSection(SolutionProperties) = preSolution
		HideSolutionNode = FALSE
	EndGlobalSection
	GlobalSection(ExtensibilityGlobals) = postSolution
		SolutionGuid = {74200410-077C-49CB-9822-E9863C87A6AF}
	EndGlobalSection
EndGlobal
