
Microsoft Visual Studio Solution File, Format Version 12.00
# Visual Studio Version 17
VisualStudioVersion = 17.8.34511.84
MinimumVisualStudioVersion = 10.0.40219.1
Project("{FAE04EC0-301F-11D3-BF4B-00C04F79EFBC}") = "20.CodeFirstASPCore", "20.CodeFirstASPCore.csproj", "{A281EEFD-0C10-45C4-8DEB-AF414F93F213}"
EndProject
Global
	GlobalSection(SolutionConfigurationPlatforms) = preSolution
		Debug|Any CPU = Debug|Any CPU
		Release|Any CPU = Release|Any CPU
	EndGlobalSection
	GlobalSection(ProjectConfigurationPlatforms) = postSolution
		{A281EEFD-0C10-45C4-8DEB-AF414F93F213}.Debug|Any CPU.ActiveCfg = Debug|Any CPU
		{A281EEFD-0C10-45C4-8DEB-AF414F93F213}.Debug|Any CPU.Build.0 = Debug|Any CPU
		{A281EEFD-0C10-45C4-8DEB-AF414F93F213}.Release|Any CPU.ActiveCfg = Release|Any CPU
		{A281EEFD-0C10-45C4-8DEB-AF414F93F213}.Release|Any CPU.Build.0 = Release|Any CPU
	EndGlobalSection
	GlobalSection(SolutionProperties) = preSolution
		HideSolutionNode = FALSE
	EndGlobalSection
	GlobalSection(ExtensibilityGlobals) = postSolution
		SolutionGuid = {332735E0-6FDE-4D4C-9A6D-E4EA52131F61}
	EndGlobalSection
EndGlobal
